
Microsoft Visual Studio Solution File, Format Version 12.00
# Visual Studio 15
VisualStudioVersion = 15.0.28307.572
MinimumVisualStudioVersion = 10.0.40219.1
Project("{FAE04EC0-301F-11D3-BF4B-00C04F79EFBC}") = "Angular7-With-CsProj", "Angular7-With-CsProj\Angular7-With-CsProj.csproj", "{2040EFDC-EAAB-4C98-94F1-4A15D040D90D}"
EndProject
Global
	GlobalSection(SolutionConfigurationPlatforms) = preSolution
		Debug|Any CPU = Debug|Any CPU
		Release|Any CPU = Release|Any CPU
	EndGlobalSection
	GlobalSection(ProjectConfigurationPlatforms) = postSolution
		{2040EFDC-EAAB-4C98-94F1-4A15D040D90D}.Debug|Any CPU.ActiveCfg = Debug|Any CPU
		{2040EFDC-EAAB-4C98-94F1-4A15D040D90D}.Debug|Any CPU.Build.0 = Debug|Any CPU
		{2040EFDC-EAAB-4C98-94F1-4A15D040D90D}.Release|Any CPU.ActiveCfg = Release|Any CPU
		{2040EFDC-EAAB-4C98-94F1-4A15D040D90D}.Release|Any CPU.Build.0 = Release|Any CPU
	EndGlobalSection
	GlobalSection(SolutionProperties) = preSolution
		HideSolutionNode = FALSE
	EndGlobalSection
	GlobalSection(ExtensibilityGlobals) = postSolution
		SolutionGuid = {387CFE80-6B73-47CF-B893-0B2C6274CC51}
	EndGlobalSection
EndGlobal
